
Microsoft Visual Studio Solution File, Format Version 12.00
# Visual Studio Version 17
VisualStudioVersion = 17.10.35122.118
MinimumVisualStudioVersion = 10.0.40219.1
Project("{FAE04EC0-301F-11D3-BF4B-00C04F79EFBC}") = "HafızaOyunu", "HafızaOyunu\HafızaOyunu.csproj", "{6BE9DAB2-2A65-48B4-B3D3-E0C35840693C}"
EndProject
Global
	GlobalSection(SolutionConfigurationPlatforms) = preSolution
		Debug|Any CPU = Debug|Any CPU
		Release|Any CPU = Release|Any CPU
	EndGlobalSection
	GlobalSection(ProjectConfigurationPlatforms) = postSolution
		{6BE9DAB2-2A65-48B4-B3D3-E0C35840693C}.Debug|Any CPU.ActiveCfg = Debug|Any CPU
		{6BE9DAB2-2A65-48B4-B3D3-E0C35840693C}.Debug|Any CPU.Build.0 = Debug|Any CPU
		{6BE9DAB2-2A65-48B4-B3D3-E0C35840693C}.Release|Any CPU.ActiveCfg = Release|Any CPU
		{6BE9DAB2-2A65-48B4-B3D3-E0C35840693C}.Release|Any CPU.Build.0 = Release|Any CPU
	EndGlobalSection
	GlobalSection(SolutionProperties) = preSolution
		HideSolutionNode = FALSE
	EndGlobalSection
	GlobalSection(ExtensibilityGlobals) = postSolution
		SolutionGuid = {91EC071E-7BE3-44F8-BD41-C91FB235536D}
	EndGlobalSection
EndGlobal
